// !$*UTF8*$!
{
	archiveVersion = 1;
	classes = {
	};
	objectVersion = 46;
	objects = {

/* Begin PBXBuildFile section */
		094B1A5C17451C69007281A8 /* UIKit.framework in Frameworks */ = {isa = PBXBuildFile; fileRef = 094B1A5B17451C69007281A8 /* UIKit.framework */; };
		094B1A5E17451C69007281A8 /* Foundation.framework in Frameworks */ = {isa = PBXBuildFile; fileRef = 094B1A5D17451C69007281A8 /* Foundation.framework */; };
		094B1A6017451C69007281A8 /* CoreGraphics.framework in Frameworks */ = {isa = PBXBuildFile; fileRef = 094B1A5F17451C69007281A8 /* CoreGraphics.framework */; };
		094B1A6217451C69007281A8 /* CoreData.framework in Frameworks */ = {isa = PBXBuildFile; fileRef = 094B1A6117451C69007281A8 /* CoreData.framework */; };
		094B1A6817451C69007281A8 /* InfoPlist.strings in Resources */ = {isa = PBXBuildFile; fileRef = 094B1A6617451C69007281A8 /* InfoPlist.strings */; };
		094B1A6A17451C69007281A8 /* main.m in Sources */ = {isa = PBXBuildFile; fileRef = 094B1A6917451C69007281A8 /* main.m */; };
		094B1A6E17451C69007281A8 /* AppDelegate.m in Sources */ = {isa = PBXBuildFile; fileRef = 094B1A6D17451C69007281A8 /* AppDelegate.m */; };
		094B1A7017451C69007281A8 /* Default.png in Resources */ = {isa = PBXBuildFile; fileRef = 094B1A6F17451C69007281A8 /* Default.png */; };
		094B1A7217451C69007281A8 /* Default@2x.png in Resources */ = {isa = PBXBuildFile; fileRef = 094B1A7117451C69007281A8 /* Default@2x.png */; };
		094B1A7417451C69007281A8 /* Default-568h@2x.png in Resources */ = {isa = PBXBuildFile; fileRef = 094B1A7317451C69007281A8 /* Default-568h@2x.png */; };
		094B1A7717451C69007281A8 /* PocketAppTest.xcdatamodeld in Sources */ = {isa = PBXBuildFile; fileRef = 094B1A7517451C69007281A8 /* PocketAppTest.xcdatamodeld */; };
		094B1A7E17451CA4007281A8 /* MainStoryboard.storyboard in Resources */ = {isa = PBXBuildFile; fileRef = 094B1A7D17451CA4007281A8 /* MainStoryboard.storyboard */; };
		094B1A8117451CEB007281A8 /* MainViewController.m in Sources */ = {isa = PBXBuildFile; fileRef = 094B1A8017451CEB007281A8 /* MainViewController.m */; };
		094B1A8417451E6E007281A8 /* BookManager.m in Sources */ = {isa = PBXBuildFile; fileRef = 094B1A8317451E6E007281A8 /* BookManager.m */; };
		094B1A8717451E7A007281A8 /* BookService.m in Sources */ = {isa = PBXBuildFile; fileRef = 094B1A8617451E7A007281A8 /* BookService.m */; };
		094B1AA417451ED6007281A8 /* JSONModel.m in Sources */ = {isa = PBXBuildFile; fileRef = 094B1A8D17451ED6007281A8 /* JSONModel.m */; };
		094B1AA517451ED6007281A8 /* JSONModelArray.m in Sources */ = {isa = PBXBuildFile; fileRef = 094B1A8F17451ED6007281A8 /* JSONModelArray.m */; };
		094B1AA617451ED6007281A8 /* JSONModelClassProperty.m in Sources */ = {isa = PBXBuildFile; fileRef = 094B1A9117451ED6007281A8 /* JSONModelClassProperty.m */; };
		094B1AA717451ED6007281A8 /* JSONModelError.m in Sources */ = {isa = PBXBuildFile; fileRef = 094B1A9317451ED6007281A8 /* JSONModelError.m */; };
		094B1AA817451ED6007281A8 /* NSArray+JSONModel.m in Sources */ = {isa = PBXBuildFile; fileRef = 094B1A9617451ED6007281A8 /* NSArray+JSONModel.m */; };
		094B1AA917451ED6007281A8 /* JSONAPI.m in Sources */ = {isa = PBXBuildFile; fileRef = 094B1A9A17451ED6007281A8 /* JSONAPI.m */; };
		094B1AAA17451ED6007281A8 /* JSONHTTPClient.m in Sources */ = {isa = PBXBuildFile; fileRef = 094B1A9C17451ED6007281A8 /* JSONHTTPClient.m */; };
		094B1AAB17451ED6007281A8 /* JSONModel+networking.m in Sources */ = {isa = PBXBuildFile; fileRef = 094B1A9E17451ED6007281A8 /* JSONModel+networking.m */; };
		094B1AAC17451ED6007281A8 /* JSONKeyMapper.m in Sources */ = {isa = PBXBuildFile; fileRef = 094B1AA117451ED6007281A8 /* JSONKeyMapper.m */; };
		094B1AAD17451ED6007281A8 /* JSONValueTransformer.m in Sources */ = {isa = PBXBuildFile; fileRef = 094B1AA317451ED6007281A8 /* JSONValueTransformer.m */; };
		094B1AB117451F92007281A8 /* BookModel.m in Sources */ = {isa = PBXBuildFile; fileRef = 094B1AB017451F92007281A8 /* BookModel.m */; };
		094B1AB417451FA4007281A8 /* AuthorModel.m in Sources */ = {isa = PBXBuildFile; fileRef = 094B1AB317451FA4007281A8 /* AuthorModel.m */; };
/* End PBXBuildFile section */

/* Begin PBXFileReference section */
		094B1A5817451C69007281A8 /* PocketAppTest.app */ = {isa = PBXFileReference; explicitFileType = wrapper.application; includeInIndex = 0; path = PocketAppTest.app; sourceTree = BUILT_PRODUCTS_DIR; };
		094B1A5B17451C69007281A8 /* UIKit.framework */ = {isa = PBXFileReference; lastKnownFileType = wrapper.framework; name = UIKit.framework; path = System/Library/Frameworks/UIKit.framework; sourceTree = SDKROOT; };
		094B1A5D17451C69007281A8 /* Foundation.framework */ = {isa = PBXFileReference; lastKnownFileType = wrapper.framework; name = Foundation.framework; path = System/Library/Frameworks/Foundation.framework; sourceTree = SDKROOT; };
		094B1A5F17451C69007281A8 /* CoreGraphics.framework */ = {isa = PBXFileReference; lastKnownFileType = wrapper.framework; name = CoreGraphics.framework; path = System/Library/Frameworks/CoreGraphics.framework; sourceTree = SDKROOT; };
		094B1A6117451C69007281A8 /* CoreData.framework */ = {isa = PBXFileReference; lastKnownFileType = wrapper.framework; name = CoreData.framework; path = System/Library/Frameworks/CoreData.framework; sourceTree = SDKROOT; };
		094B1A6517451C69007281A8 /* PocketAppTest-Info.plist */ = {isa = PBXFileReference; lastKnownFileType = text.plist.xml; path = "PocketAppTest-Info.plist"; sourceTree = "<group>"; };
		094B1A6717451C69007281A8 /* en */ = {isa = PBXFileReference; lastKnownFileType = text.plist.strings; name = en; path = en.lproj/InfoPlist.strings; sourceTree = "<group>"; };
		094B1A6917451C69007281A8 /* main.m */ = {isa = PBXFileReference; lastKnownFileType = sourcecode.c.objc; path = main.m; sourceTree = "<group>"; };
		094B1A6B17451C69007281A8 /* PocketAppTest-Prefix.pch */ = {isa = PBXFileReference; lastKnownFileType = sourcecode.c.h; path = "PocketAppTest-Prefix.pch"; sourceTree = "<group>"; };
		094B1A6C17451C69007281A8 /* AppDelegate.h */ = {isa = PBXFileReference; lastKnownFileType = sourcecode.c.h; path = AppDelegate.h; sourceTree = "<group>"; };
		094B1A6D17451C69007281A8 /* AppDelegate.m */ = {isa = PBXFileReference; lastKnownFileType = sourcecode.c.objc; path = AppDelegate.m; sourceTree = "<group>"; };
		094B1A6F17451C69007281A8 /* Default.png */ = {isa = PBXFileReference; lastKnownFileType = image.png; path = Default.png; sourceTree = "<group>"; };
		094B1A7117451C69007281A8 /* Default@2x.png */ = {isa = PBXFileReference; lastKnownFileType = image.png; path = "Default@2x.png"; sourceTree = "<group>"; };
		094B1A7317451C69007281A8 /* Default-568h@2x.png */ = {isa = PBXFileReference; lastKnownFileType = image.png; path = "Default-568h@2x.png"; sourceTree = "<group>"; };
		094B1A7617451C69007281A8 /* PocketAppTest.xcdatamodel */ = {isa = PBXFileReference; lastKnownFileType = wrapper.xcdatamodel; path = PocketAppTest.xcdatamodel; sourceTree = "<group>"; };
		094B1A7D17451CA4007281A8 /* MainStoryboard.storyboard */ = {isa = PBXFileReference; fileEncoding = 4; lastKnownFileType = file.storyboard; name = MainStoryboard.storyboard; path = ../MainStoryboard.storyboard; sourceTree = "<group>"; };
		094B1A7F17451CEB007281A8 /* MainViewController.h */ = {isa = PBXFileReference; fileEncoding = 4; lastKnownFileType = sourcecode.c.h; name = MainViewController.h; path = ../MainViewController.h; sourceTree = "<group>"; };
		094B1A8017451CEB007281A8 /* MainViewController.m */ = {isa = PBXFileReference; fileEncoding = 4; lastKnownFileType = sourcecode.c.objc; name = MainViewController.m; path = ../MainViewController.m; sourceTree = "<group>"; };
		094B1A8217451E6E007281A8 /* BookManager.h */ = {isa = PBXFileReference; fileEncoding = 4; lastKnownFileType = sourcecode.c.h; path = BookManager.h; sourceTree = "<group>"; };
		094B1A8317451E6E007281A8 /* BookManager.m */ = {isa = PBXFileReference; fileEncoding = 4; lastKnownFileType = sourcecode.c.objc; path = BookManager.m; sourceTree = "<group>"; };
		094B1A8517451E7A007281A8 /* BookService.h */ = {isa = PBXFileReference; fileEncoding = 4; lastKnownFileType = sourcecode.c.h; path = BookService.h; sourceTree = "<group>"; };
		094B1A8617451E7A007281A8 /* BookService.m */ = {isa = PBXFileReference; fileEncoding = 4; lastKnownFileType = sourcecode.c.objc; path = BookService.m; sourceTree = "<group>"; };
		094B1A8C17451ED6007281A8 /* JSONModel.h */ = {isa = PBXFileReference; fileEncoding = 4; lastKnownFileType = sourcecode.c.h; path = JSONModel.h; sourceTree = "<group>"; };
		094B1A8D17451ED6007281A8 /* JSONModel.m */ = {isa = PBXFileReference; fileEncoding = 4; lastKnownFileType = sourcecode.c.objc; path = JSONModel.m; sourceTree = "<group>"; };
		094B1A8E17451ED6007281A8 /* JSONModelArray.h */ = {isa = PBXFileReference; fileEncoding = 4; lastKnownFileType = sourcecode.c.h; path = JSONModelArray.h; sourceTree = "<group>"; };
		094B1A8F17451ED6007281A8 /* JSONModelArray.m */ = {isa = PBXFileReference; fileEncoding = 4; lastKnownFileType = sourcecode.c.objc; path = JSONModelArray.m; sourceTree = "<group>"; };
		094B1A9017451ED6007281A8 /* JSONModelClassProperty.h */ = {isa = PBXFileReference; fileEncoding = 4; lastKnownFileType = sourcecode.c.h; path = JSONModelClassProperty.h; sourceTree = "<group>"; };
		094B1A9117451ED6007281A8 /* JSONModelClassProperty.m */ = {isa = PBXFileReference; fileEncoding = 4; lastKnownFileType = sourcecode.c.objc; path = JSONModelClassProperty.m; sourceTree = "<group>"; };
		094B1A9217451ED6007281A8 /* JSONModelError.h */ = {isa = PBXFileReference; fileEncoding = 4; lastKnownFileType = sourcecode.c.h; path = JSONModelError.h; sourceTree = "<group>"; };
		094B1A9317451ED6007281A8 /* JSONModelError.m */ = {isa = PBXFileReference; fileEncoding = 4; lastKnownFileType = sourcecode.c.objc; path = JSONModelError.m; sourceTree = "<group>"; };
		094B1A9517451ED6007281A8 /* NSArray+JSONModel.h */ = {isa = PBXFileReference; fileEncoding = 4; lastKnownFileType = sourcecode.c.h; path = "NSArray+JSONModel.h"; sourceTree = "<group>"; };
		094B1A9617451ED6007281A8 /* NSArray+JSONModel.m */ = {isa = PBXFileReference; fileEncoding = 4; lastKnownFileType = sourcecode.c.objc; path = "NSArray+JSONModel.m"; sourceTree = "<group>"; };
		094B1A9717451ED6007281A8 /* JSONModelLib.h */ = {isa = PBXFileReference; fileEncoding = 4; lastKnownFileType = sourcecode.c.h; path = JSONModelLib.h; sourceTree = "<group>"; };
		094B1A9917451ED6007281A8 /* JSONAPI.h */ = {isa = PBXFileReference; fileEncoding = 4; lastKnownFileType = sourcecode.c.h; path = JSONAPI.h; sourceTree = "<group>"; };
		094B1A9A17451ED6007281A8 /* JSONAPI.m */ = {isa = PBXFileReference; fileEncoding = 4; lastKnownFileType = sourcecode.c.objc; path = JSONAPI.m; sourceTree = "<group>"; };
		094B1A9B17451ED6007281A8 /* JSONHTTPClient.h */ = {isa = PBXFileReference; fileEncoding = 4; lastKnownFileType = sourcecode.c.h; path = JSONHTTPClient.h; sourceTree = "<group>"; };
		094B1A9C17451ED6007281A8 /* JSONHTTPClient.m */ = {isa = PBXFileReference; fileEncoding = 4; lastKnownFileType = sourcecode.c.objc; path = JSONHTTPClient.m; sourceTree = "<group>"; };
		094B1A9D17451ED6007281A8 /* JSONModel+networking.h */ = {isa = PBXFileReference; fileEncoding = 4; lastKnownFileType = sourcecode.c.h; path = "JSONModel+networking.h"; sourceTree = "<group>"; };
		094B1A9E17451ED6007281A8 /* JSONModel+networking.m */ = {isa = PBXFileReference; fileEncoding = 4; lastKnownFileType = sourcecode.c.objc; path = "JSONModel+networking.m"; sourceTree = "<group>"; };
		094B1AA017451ED6007281A8 /* JSONKeyMapper.h */ = {isa = PBXFileReference; fileEncoding = 4; lastKnownFileType = sourcecode.c.h; path = JSONKeyMapper.h; sourceTree = "<group>"; };
		094B1AA117451ED6007281A8 /* JSONKeyMapper.m */ = {isa = PBXFileReference; fileEncoding = 4; lastKnownFileType = sourcecode.c.objc; path = JSONKeyMapper.m; sourceTree = "<group>"; };
		094B1AA217451ED6007281A8 /* JSONValueTransformer.h */ = {isa = PBXFileReference; fileEncoding = 4; lastKnownFileType = sourcecode.c.h; path = JSONValueTransformer.h; sourceTree = "<group>"; };
		094B1AA317451ED6007281A8 /* JSONValueTransformer.m */ = {isa = PBXFileReference; fileEncoding = 4; lastKnownFileType = sourcecode.c.objc; path = JSONValueTransformer.m; sourceTree = "<group>"; };
		094B1AAF17451F92007281A8 /* BookModel.h */ = {isa = PBXFileReference; fileEncoding = 4; lastKnownFileType = sourcecode.c.h; path = BookModel.h; sourceTree = "<group>"; };
		094B1AB017451F92007281A8 /* BookModel.m */ = {isa = PBXFileReference; fileEncoding = 4; lastKnownFileType = sourcecode.c.objc; path = BookModel.m; sourceTree = "<group>"; };
		094B1AB217451FA4007281A8 /* AuthorModel.h */ = {isa = PBXFileReference; fileEncoding = 4; lastKnownFileType = sourcecode.c.h; path = AuthorModel.h; sourceTree = "<group>"; };
		094B1AB317451FA4007281A8 /* AuthorModel.m */ = {isa = PBXFileReference; fileEncoding = 4; lastKnownFileType = sourcecode.c.objc; path = AuthorModel.m; sourceTree = "<group>"; };
/* End PBXFileReference section */

/* Begin PBXFrameworksBuildPhase section */
		094B1A5517451C69007281A8 /* Frameworks */ = {
			isa = PBXFrameworksBuildPhase;
			buildActionMask = 2147483647;
			files = (
				094B1A5C17451C69007281A8 /* UIKit.framework in Frameworks */,
				094B1A5E17451C69007281A8 /* Foundation.framework in Frameworks */,
				094B1A6017451C69007281A8 /* CoreGraphics.framework in Frameworks */,
				094B1A6217451C69007281A8 /* CoreData.framework in Frameworks */,
			);
			runOnlyForDeploymentPostprocessing = 0;
		};
/* End PBXFrameworksBuildPhase section */

/* Begin PBXGroup section */
		094B1A4F17451C69007281A8 = {
			isa = PBXGroup;
			children = (
				094B1AAE17451F76007281A8 /* Models */,
				094B1A8917451E93007281A8 /* Service */,
				094B1A8817451E80007281A8 /* Manager */,
				094B1A6317451C69007281A8 /* PocketAppTest */,
				094B1A5A17451C69007281A8 /* Frameworks */,
				094B1A5917451C69007281A8 /* Products */,
			);
			sourceTree = "<group>";
		};
		094B1A5917451C69007281A8 /* Products */ = {
			isa = PBXGroup;
			children = (
				094B1A5817451C69007281A8 /* PocketAppTest.app */,
			);
			name = Products;
			sourceTree = "<group>";
		};
		094B1A5A17451C69007281A8 /* Frameworks */ = {
			isa = PBXGroup;
			children = (
				094B1A8A17451ED6007281A8 /* JSONModel */,
				094B1A5B17451C69007281A8 /* UIKit.framework */,
				094B1A5D17451C69007281A8 /* Foundation.framework */,
				094B1A5F17451C69007281A8 /* CoreGraphics.framework */,
				094B1A6117451C69007281A8 /* CoreData.framework */,
			);
			name = Frameworks;
			sourceTree = "<group>";
		};
		094B1A6317451C69007281A8 /* PocketAppTest */ = {
			isa = PBXGroup;
			children = (
				094B1A6C17451C69007281A8 /* AppDelegate.h */,
				094B1A6D17451C69007281A8 /* AppDelegate.m */,
				094B1A7F17451CEB007281A8 /* MainViewController.h */,
				094B1A8017451CEB007281A8 /* MainViewController.m */,
				094B1A7D17451CA4007281A8 /* MainStoryboard.storyboard */,
				094B1A7517451C69007281A8 /* PocketAppTest.xcdatamodeld */,
				094B1A6417451C69007281A8 /* Supporting Files */,
			);
			path = PocketAppTest;
			sourceTree = "<group>";
		};
		094B1A6417451C69007281A8 /* Supporting Files */ = {
			isa = PBXGroup;
			children = (
				094B1A6517451C69007281A8 /* PocketAppTest-Info.plist */,
				094B1A6617451C69007281A8 /* InfoPlist.strings */,
				094B1A6917451C69007281A8 /* main.m */,
				094B1A6B17451C69007281A8 /* PocketAppTest-Prefix.pch */,
				094B1A6F17451C69007281A8 /* Default.png */,
				094B1A7117451C69007281A8 /* Default@2x.png */,
				094B1A7317451C69007281A8 /* Default-568h@2x.png */,
			);
			name = "Supporting Files";
			sourceTree = "<group>";
		};
		094B1A8817451E80007281A8 /* Manager */ = {
			isa = PBXGroup;
			children = (
				094B1A8217451E6E007281A8 /* BookManager.h */,
				094B1A8317451E6E007281A8 /* BookManager.m */,
			);
			name = Manager;
			sourceTree = "<group>";
		};
		094B1A8917451E93007281A8 /* Service */ = {
			isa = PBXGroup;
			children = (
				094B1A8517451E7A007281A8 /* BookService.h */,
				094B1A8617451E7A007281A8 /* BookService.m */,
			);
			name = Service;
			sourceTree = "<group>";
		};
		094B1A8A17451ED6007281A8 /* JSONModel */ = {
			isa = PBXGroup;
			children = (
				094B1A8B17451ED6007281A8 /* JSONModel */,
				094B1A9417451ED6007281A8 /* JSONModelCategories */,
				094B1A9717451ED6007281A8 /* JSONModelLib.h */,
				094B1A9817451ED6007281A8 /* JSONModelNetworking */,
				094B1A9F17451ED6007281A8 /* JSONModelTransformations */,
			);
			path = JSONModel;
			sourceTree = "<group>";
		};
		094B1A8B17451ED6007281A8 /* JSONModel */ = {
			isa = PBXGroup;
			children = (
				094B1A8C17451ED6007281A8 /* JSONModel.h */,
				094B1A8D17451ED6007281A8 /* JSONModel.m */,
				094B1A8E17451ED6007281A8 /* JSONModelArray.h */,
				094B1A8F17451ED6007281A8 /* JSONModelArray.m */,
				094B1A9017451ED6007281A8 /* JSONModelClassProperty.h */,
				094B1A9117451ED6007281A8 /* JSONModelClassProperty.m */,
				094B1A9217451ED6007281A8 /* JSONModelError.h */,
				094B1A9317451ED6007281A8 /* JSONModelError.m */,
			);
			path = JSONModel;
			sourceTree = "<group>";
		};
		094B1A9417451ED6007281A8 /* JSONModelCategories */ = {
			isa = PBXGroup;
			children = (
				094B1A9517451ED6007281A8 /* NSArray+JSONModel.h */,
				094B1A9617451ED6007281A8 /* NSArray+JSONModel.m */,
			);
			path = JSONModelCategories;
			sourceTree = "<group>";
		};
		094B1A9817451ED6007281A8 /* JSONModelNetworking */ = {
			isa = PBXGroup;
			children = (
				094B1A9917451ED6007281A8 /* JSONAPI.h */,
				094B1A9A17451ED6007281A8 /* JSONAPI.m */,
				094B1A9B17451ED6007281A8 /* JSONHTTPClient.h */,
				094B1A9C17451ED6007281A8 /* JSONHTTPClient.m */,
				094B1A9D17451ED6007281A8 /* JSONModel+networking.h */,
				094B1A9E17451ED6007281A8 /* JSONModel+networking.m */,
			);
			path = JSONModelNetworking;
			sourceTree = "<group>";
		};
		094B1A9F17451ED6007281A8 /* JSONModelTransformations */ = {
			isa = PBXGroup;
			children = (
				094B1AA017451ED6007281A8 /* JSONKeyMapper.h */,
				094B1AA117451ED6007281A8 /* JSONKeyMapper.m */,
				094B1AA217451ED6007281A8 /* JSONValueTransformer.h */,
				094B1AA317451ED6007281A8 /* JSONValueTransformer.m */,
			);
			path = JSONModelTransformations;
			sourceTree = "<group>";
		};
		094B1AAE17451F76007281A8 /* Models */ = {
			isa = PBXGroup;
			children = (
				094B1AAF17451F92007281A8 /* BookModel.h */,
				094B1AB017451F92007281A8 /* BookModel.m */,
				094B1AB217451FA4007281A8 /* AuthorModel.h */,
				094B1AB317451FA4007281A8 /* AuthorModel.m */,
			);
			name = Models;
			sourceTree = "<group>";
		};
/* End PBXGroup section */

/* Begin PBXNativeTarget section */
		094B1A5717451C69007281A8 /* PocketAppTest */ = {
			isa = PBXNativeTarget;
			buildConfigurationList = 094B1A7A17451C69007281A8 /* Build configuration list for PBXNativeTarget "PocketAppTest" */;
			buildPhases = (
				094B1A5417451C69007281A8 /* Sources */,
				094B1A5517451C69007281A8 /* Frameworks */,
				094B1A5617451C69007281A8 /* Resources */,
			);
			buildRules = (
			);
			dependencies = (
			);
			name = PocketAppTest;
			productName = PocketAppTest;
			productReference = 094B1A5817451C69007281A8 /* PocketAppTest.app */;
			productType = "com.apple.product-type.application";
		};
/* End PBXNativeTarget section */

/* Begin PBXProject section */
		094B1A5017451C69007281A8 /* Project object */ = {
			isa = PBXProject;
			attributes = {
				LastUpgradeCheck = 0460;
				ORGANIZATIONNAME = "Vaibhav Gupta";
			};
			buildConfigurationList = 094B1A5317451C69007281A8 /* Build configuration list for PBXProject "PocketAppTest" */;
			compatibilityVersion = "Xcode 3.2";
			developmentRegion = English;
			hasScannedForEncodings = 0;
			knownRegions = (
				en,
			);
			mainGroup = 094B1A4F17451C69007281A8;
			productRefGroup = 094B1A5917451C69007281A8 /* Products */;
			projectDirPath = "";
			projectRoot = "";
			targets = (
				094B1A5717451C69007281A8 /* PocketAppTest */,
			);
		};
/* End PBXProject section */

/* Begin PBXResourcesBuildPhase section */
		094B1A5617451C69007281A8 /* Resources */ = {
			isa = PBXResourcesBuildPhase;
			buildActionMask = 2147483647;
			files = (
				094B1A6817451C69007281A8 /* InfoPlist.strings in Resources */,
				094B1A7017451C69007281A8 /* Default.png in Resources */,
				094B1A7217451C69007281A8 /* Default@2x.png in Resources */,
				094B1A7417451C69007281A8 /* Default-568h@2x.png in Resources */,
				094B1A7E17451CA4007281A8 /* MainStoryboard.storyboard in Resources */,
			);
			runOnlyForDeploymentPostprocessing = 0;
		};
/* End PBXResourcesBuildPhase section */

/* Begin PBXSourcesBuildPhase section */
		094B1A5417451C69007281A8 /* Sources */ = {
			isa = PBXSourcesBuildPhase;
			buildActionMask = 2147483647;
			files = (
				094B1A6A17451C69007281A8 /* main.m in Sources */,
				094B1A6E17451C69007281A8 /* AppDelegate.m in Sources */,
				094B1A7717451C69007281A8 /* PocketAppTest.xcdatamodeld in Sources */,
				094B1A8117451CEB007281A8 /* MainViewController.m in Sources */,
				094B1A8417451E6E007281A8 /* BookManager.m in Sources */,
				094B1A8717451E7A007281A8 /* BookService.m in Sources */,
				094B1AA417451ED6007281A8 /* JSONModel.m in Sources */,
				094B1AA517451ED6007281A8 /* JSONModelArray.m in Sources */,
				094B1AA617451ED6007281A8 /* JSONModelClassProperty.m in Sources */,
				094B1AA717451ED6007281A8 /* JSONModelError.m in Sources */,
				094B1AA817451ED6007281A8 /* NSArray+JSONModel.m in Sources */,
				094B1AA917451ED6007281A8 /* JSONAPI.m in Sources */,
				094B1AAA17451ED6007281A8 /* JSONHTTPClient.m in Sources */,
				094B1AAB17451ED6007281A8 /* JSONModel+networking.m in Sources */,
				094B1AAC17451ED6007281A8 /* JSONKeyMapper.m in Sources */,
				094B1AAD17451ED6007281A8 /* JSONValueTransformer.m in Sources */,
				094B1AB117451F92007281A8 /* BookModel.m in Sources */,
				094B1AB417451FA4007281A8 /* AuthorModel.m in Sources */,
			);
			runOnlyForDeploymentPostprocessing = 0;
		};
/* End PBXSourcesBuildPhase section */

/* Begin PBXVariantGroup section */
		094B1A6617451C69007281A8 /* InfoPlist.strings */ = {
			isa = PBXVariantGroup;
			children = (
				094B1A6717451C69007281A8 /* en */,
			);
			name = InfoPlist.strings;
			sourceTree = "<group>";
		};
/* End PBXVariantGroup section */

/* Begin XCBuildConfiguration section */
		094B1A7817451C69007281A8 /* Debug */ = {
			isa = XCBuildConfiguration;
			buildSettings = {
				ALWAYS_SEARCH_USER_PATHS = NO;
				CLANG_CXX_LANGUAGE_STANDARD = "gnu++0x";
				CLANG_CXX_LIBRARY = "libc++";
				CLANG_ENABLE_OBJC_ARC = YES;
				CLANG_WARN_CONSTANT_CONVERSION = YES;
				CLANG_WARN_EMPTY_BODY = YES;
				CLANG_WARN_ENUM_CONVERSION = YES;
				CLANG_WARN_INT_CONVERSION = YES;
				CLANG_WARN__DUPLICATE_METHOD_MATCH = YES;
				"CODE_SIGN_IDENTITY[sdk=iphoneos*]" = "iPhone Developer";
				COPY_PHASE_STRIP = NO;
				GCC_C_LANGUAGE_STANDARD = gnu99;
				GCC_DYNAMIC_NO_PIC = NO;
				GCC_OPTIMIZATION_LEVEL = 0;
				GCC_PREPROCESSOR_DEFINITIONS = (
					"DEBUG=1",
					"$(inherited)",
				);
				GCC_SYMBOLS_PRIVATE_EXTERN = NO;
				GCC_WARN_ABOUT_RETURN_TYPE = YES;
				GCC_WARN_UNINITIALIZED_AUTOS = YES;
				GCC_WARN_UNUSED_VARIABLE = YES;
				IPHONEOS_DEPLOYMENT_TARGET = 6.1;
				ONLY_ACTIVE_ARCH = YES;
				SDKROOT = iphoneos;
			};
			name = Debug;
		};
		094B1A7917451C69007281A8 /* Release */ = {
			isa = XCBuildConfiguration;
			buildSettings = {
				ALWAYS_SEARCH_USER_PATHS = NO;
				CLANG_CXX_LANGUAGE_STANDARD = "gnu++0x";
				CLANG_CXX_LIBRARY = "libc++";
				CLANG_ENABLE_OBJC_ARC = YES;
				CLANG_WARN_CONSTANT_CONVERSION = YES;
				CLANG_WARN_EMPTY_BODY = YES;
				CLANG_WARN_ENUM_CONVERSION = YES;
				CLANG_WARN_INT_CONVERSION = YES;
				CLANG_WARN__DUPLICATE_METHOD_MATCH = YES;
				"CODE_SIGN_IDENTITY[sdk=iphoneos*]" = "iPhone Developer";
				COPY_PHASE_STRIP = YES;
				GCC_C_LANGUAGE_STANDARD = gnu99;
				GCC_WARN_ABOUT_RETURN_TYPE = YES;
				GCC_WARN_UNINITIALIZED_AUTOS = YES;
				GCC_WARN_UNUSED_VARIABLE = YES;
				IPHONEOS_DEPLOYMENT_TARGET = 6.1;
				OTHER_CFLAGS = "-DNS_BLOCK_ASSERTIONS=1";
				SDKROOT = iphoneos;
				VALIDATE_PRODUCT = YES;
			};
			name = Release;
		};
		094B1A7B17451C69007281A8 /* Debug */ = {
			isa = XCBuildConfiguration;
			buildSettings = {
				GCC_PRECOMPILE_PREFIX_HEADER = YES;
				GCC_PREFIX_HEADER = "PocketAppTest/PocketAppTest-Prefix.pch";
				INFOPLIST_FILE = "PocketAppTest/PocketAppTest-Info.plist";
				PRODUCT_NAME = "$(TARGET_NAME)";
				WRAPPER_EXTENSION = app;
			};
			name = Debug;
		};
		094B1A7C17451C69007281A8 /* Release */ = {
			isa = XCBuildConfiguration;
			buildSettings = {
				GCC_PRECOMPILE_PREFIX_HEADER = YES;
				GCC_PREFIX_HEADER = "PocketAppTest/PocketAppTest-Prefix.pch";
				INFOPLIST_FILE = "PocketAppTest/PocketAppTest-Info.plist";
				PRODUCT_NAME = "$(TARGET_NAME)";
				WRAPPER_EXTENSION = app;
			};
			name = Release;
		};
/* End XCBuildConfiguration section */

/* Begin XCConfigurationList section */
		094B1A5317451C69007281A8 /* Build configuration list for PBXProject "PocketAppTest" */ = {
			isa = XCConfigurationList;
			buildConfigurations = (
				094B1A7817451C69007281A8 /* Debug */,
				094B1A7917451C69007281A8 /* Release */,
			);
			defaultConfigurationIsVisible = 0;
			defaultConfigurationName = Release;
		};
		094B1A7A17451C69007281A8 /* Build configuration list for PBXNativeTarget "PocketAppTest" */ = {
			isa = XCConfigurationList;
			buildConfigurations = (
				094B1A7B17451C69007281A8 /* Debug */,
				094B1A7C17451C69007281A8 /* Release */,
			);
			defaultConfigurationIsVisible = 0;
		};
/* End XCConfigurationList section */

/* Begin XCVersionGroup section */
		094B1A7517451C69007281A8 /* PocketAppTest.xcdatamodeld */ = {
			isa = XCVersionGroup;
			children = (
				094B1A7617451C69007281A8 /* PocketAppTest.xcdatamodel */,
			);
			currentVersion = 094B1A7617451C69007281A8 /* PocketAppTest.xcdatamodel */;
			path = PocketAppTest.xcdatamodeld;
			sourceTree = "<group>";
			versionGroupType = wrapper.xcdatamodel;
		};
/* End XCVersionGroup section */
	};
	rootObject = 094B1A5017451C69007281A8 /* Project object */;
}
